
Microsoft Visual Studio Solution File, Format Version 12.00
# Visual Studio Version 17
VisualStudioVersion = 17.0.31903.59
MinimumVisualStudioVersion = 10.0.40219.1
Project("{FAE04EC0-301F-11D3-BF4B-00C04F79EFBC}") = "HamsterHub.API", "HamsterHub.API\HamsterHub.API.csproj", "{CAD018AE-B5C4-49C4-A217-413C4BE8334E}"
EndProject
Project("{FAE04EC0-301F-11D3-BF4B-00C04F79EFBC}") = "HamsterHub.Application", "HamsterHub.Application\HamsterHub.Application.csproj", "{5D2959BD-1CE7-4114-B9C6-1BC1A64733EC}"
EndProject
Project("{FAE04EC0-301F-11D3-BF4B-00C04F79EFBC}") = "HamsterHub.Domain", "HamsterHub.Domain\HamsterHub.Domain.csproj", "{01E24F0B-6BFA-4DB5-9E29-C8EA33EE9D51}"
EndProject
Project("{FAE04EC0-301F-11D3-BF4B-00C04F79EFBC}") = "HamsterHub.Infrastructure", "HamsterHub.Infrastructure\HamsterHub.Infrastructure.csproj", "{B639BDE5-421C-4D46-8861-774AD7B9D955}"
EndProject
Project("{2150E333-8FDC-42A3-9474-1A3956D46DE8}") = "1. Domain", "1. Domain", "{C7C16283-6898-4652-BC54-5864B24647D3}"
EndProject
Project("{2150E333-8FDC-42A3-9474-1A3956D46DE8}") = "2. Application", "2. Application", "{4BD9DE05-558F-4882-92C2-D8FE773FD7C2}"
EndProject
Project("{2150E333-8FDC-42A3-9474-1A3956D46DE8}") = "3. Infrastructure", "3. Infrastructure", "{BBCA96EE-F46A-43EA-96F7-84396CA6DBA2}"
EndProject
Project("{2150E333-8FDC-42A3-9474-1A3956D46DE8}") = "4. API", "4. API", "{6EAA6AC2-F5AC-4D9E-9F20-0A9522E0E878}"
EndProject
Project("{2150E333-8FDC-42A3-9474-1A3956D46DE8}") = "5. Tests", "5. Tests", "{11CD2665-053B-4A86-9AB3-B6E0011B7B25}"
EndProject
Project("{FAE04EC0-301F-11D3-BF4B-00C04F79EFBC}") = "HamsterHub.Tests", "HamsterHub.Tests\HamsterHub.Tests.csproj", "{A1996340-4706-4704-A616-90E0DDE4B40A}"
EndProject
Global
	GlobalSection(SolutionConfigurationPlatforms) = preSolution
		Debug|Any CPU = Debug|Any CPU
		Debug|x64 = Debug|x64
		Debug|x86 = Debug|x86
		Release|Any CPU = Release|Any CPU
		Release|x64 = Release|x64
		Release|x86 = Release|x86
	EndGlobalSection
	GlobalSection(ProjectConfigurationPlatforms) = postSolution
		{CAD018AE-B5C4-49C4-A217-413C4BE8334E}.Debug|Any CPU.ActiveCfg = Debug|Any CPU
		{CAD018AE-B5C4-49C4-A217-413C4BE8334E}.Debug|Any CPU.Build.0 = Debug|Any CPU
		{CAD018AE-B5C4-49C4-A217-413C4BE8334E}.Debug|x64.ActiveCfg = Debug|Any CPU
		{CAD018AE-B5C4-49C4-A217-413C4BE8334E}.Debug|x64.Build.0 = Debug|Any CPU
		{CAD018AE-B5C4-49C4-A217-413C4BE8334E}.Debug|x86.ActiveCfg = Debug|Any CPU
		{CAD018AE-B5C4-49C4-A217-413C4BE8334E}.Debug|x86.Build.0 = Debug|Any CPU
		{CAD018AE-B5C4-49C4-A217-413C4BE8334E}.Release|Any CPU.ActiveCfg = Release|Any CPU
		{CAD018AE-B5C4-49C4-A217-413C4BE8334E}.Release|Any CPU.Build.0 = Release|Any CPU
		{CAD018AE-B5C4-49C4-A217-413C4BE8334E}.Release|x64.ActiveCfg = Release|Any CPU
		{CAD018AE-B5C4-49C4-A217-413C4BE8334E}.Release|x64.Build.0 = Release|Any CPU
		{CAD018AE-B5C4-49C4-A217-413C4BE8334E}.Release|x86.ActiveCfg = Release|Any CPU
		{CAD018AE-B5C4-49C4-A217-413C4BE8334E}.Release|x86.Build.0 = Release|Any CPU
		{5D2959BD-1CE7-4114-B9C6-1BC1A64733EC}.Debug|Any CPU.ActiveCfg = Debug|Any CPU
		{5D2959BD-1CE7-4114-B9C6-1BC1A64733EC}.Debug|Any CPU.Build.0 = Debug|Any CPU
		{5D2959BD-1CE7-4114-B9C6-1BC1A64733EC}.Debug|x64.ActiveCfg = Debug|Any CPU
		{5D2959BD-1CE7-4114-B9C6-1BC1A64733EC}.Debug|x64.Build.0 = Debug|Any CPU
		{5D2959BD-1CE7-4114-B9C6-1BC1A64733EC}.Debug|x86.ActiveCfg = Debug|Any CPU
		{5D2959BD-1CE7-4114-B9C6-1BC1A64733EC}.Debug|x86.Build.0 = Debug|Any CPU
		{5D2959BD-1CE7-4114-B9C6-1BC1A64733EC}.Release|Any CPU.ActiveCfg = Release|Any CPU
		{5D2959BD-1CE7-4114-B9C6-1BC1A64733EC}.Release|Any CPU.Build.0 = Release|Any CPU
		{5D2959BD-1CE7-4114-B9C6-1BC1A64733EC}.Release|x64.ActiveCfg = Release|Any CPU
		{5D2959BD-1CE7-4114-B9C6-1BC1A64733EC}.Release|x64.Build.0 = Release|Any CPU
		{5D2959BD-1CE7-4114-B9C6-1BC1A64733EC}.Release|x86.ActiveCfg = Release|Any CPU
		{5D2959BD-1CE7-4114-B9C6-1BC1A64733EC}.Release|x86.Build.0 = Release|Any CPU
		{01E24F0B-6BFA-4DB5-9E29-C8EA33EE9D51}.Debug|Any CPU.ActiveCfg = Debug|Any CPU
		{01E24F0B-6BFA-4DB5-9E29-C8EA33EE9D51}.Debug|Any CPU.Build.0 = Debug|Any CPU
		{01E24F0B-6BFA-4DB5-9E29-C8EA33EE9D51}.Debug|x64.ActiveCfg = Debug|Any CPU
		{01E24F0B-6BFA-4DB5-9E29-C8EA33EE9D51}.Debug|x64.Build.0 = Debug|Any CPU
		{01E24F0B-6BFA-4DB5-9E29-C8EA33EE9D51}.Debug|x86.ActiveCfg = Debug|Any CPU
		{01E24F0B-6BFA-4DB5-9E29-C8EA33EE9D51}.Debug|x86.Build.0 = Debug|Any CPU
		{01E24F0B-6BFA-4DB5-9E29-C8EA33EE9D51}.Release|Any CPU.ActiveCfg = Release|Any CPU
		{01E24F0B-6BFA-4DB5-9E29-C8EA33EE9D51}.Release|Any CPU.Build.0 = Release|Any CPU
		{01E24F0B-6BFA-4DB5-9E29-C8EA33EE9D51}.Release|x64.ActiveCfg = Release|Any CPU
		{01E24F0B-6BFA-4DB5-9E29-C8EA33EE9D51}.Release|x64.Build.0 = Release|Any CPU
		{01E24F0B-6BFA-4DB5-9E29-C8EA33EE9D51}.Release|x86.ActiveCfg = Release|Any CPU
		{01E24F0B-6BFA-4DB5-9E29-C8EA33EE9D51}.Release|x86.Build.0 = Release|Any CPU
		{B639BDE5-421C-4D46-8861-774AD7B9D955}.Debug|Any CPU.ActiveCfg = Debug|Any CPU
		{B639BDE5-421C-4D46-8861-774AD7B9D955}.Debug|Any CPU.Build.0 = Debug|Any CPU
		{B639BDE5-421C-4D46-8861-774AD7B9D955}.Debug|x64.ActiveCfg = Debug|Any CPU
		{B639BDE5-421C-4D46-8861-774AD7B9D955}.Debug|x64.Build.0 = Debug|Any CPU
		{B639BDE5-421C-4D46-8861-774AD7B9D955}.Debug|x86.ActiveCfg = Debug|Any CPU
		{B639BDE5-421C-4D46-8861-774AD7B9D955}.Debug|x86.Build.0 = Debug|Any CPU
		{B639BDE5-421C-4D46-8861-774AD7B9D955}.Release|Any CPU.ActiveCfg = Release|Any CPU
		{B639BDE5-421C-4D46-8861-774AD7B9D955}.Release|Any CPU.Build.0 = Release|Any CPU
		{B639BDE5-421C-4D46-8861-774AD7B9D955}.Release|x64.ActiveCfg = Release|Any CPU
		{B639BDE5-421C-4D46-8861-774AD7B9D955}.Release|x64.Build.0 = Release|Any CPU
		{B639BDE5-421C-4D46-8861-774AD7B9D955}.Release|x86.ActiveCfg = Release|Any CPU
		{B639BDE5-421C-4D46-8861-774AD7B9D955}.Release|x86.Build.0 = Release|Any CPU
		{A1996340-4706-4704-A616-90E0DDE4B40A}.Debug|Any CPU.ActiveCfg = Debug|Any CPU
		{A1996340-4706-4704-A616-90E0DDE4B40A}.Debug|Any CPU.Build.0 = Debug|Any CPU
		{A1996340-4706-4704-A616-90E0DDE4B40A}.Debug|x64.ActiveCfg = Debug|Any CPU
		{A1996340-4706-4704-A616-90E0DDE4B40A}.Debug|x64.Build.0 = Debug|Any CPU
		{A1996340-4706-4704-A616-90E0DDE4B40A}.Debug|x86.ActiveCfg = Debug|Any CPU
		{A1996340-4706-4704-A616-90E0DDE4B40A}.Debug|x86.Build.0 = Debug|Any CPU
		{A1996340-4706-4704-A616-90E0DDE4B40A}.Release|Any CPU.ActiveCfg = Release|Any CPU
		{A1996340-4706-4704-A616-90E0DDE4B40A}.Release|Any CPU.Build.0 = Release|Any CPU
		{A1996340-4706-4704-A616-90E0DDE4B40A}.Release|x64.ActiveCfg = Release|Any CPU
		{A1996340-4706-4704-A616-90E0DDE4B40A}.Release|x64.Build.0 = Release|Any CPU
		{A1996340-4706-4704-A616-90E0DDE4B40A}.Release|x86.ActiveCfg = Release|Any CPU
		{A1996340-4706-4704-A616-90E0DDE4B40A}.Release|x86.Build.0 = Release|Any CPU
	EndGlobalSection
	GlobalSection(SolutionProperties) = preSolution
		HideSolutionNode = FALSE
	EndGlobalSection
	GlobalSection(NestedProjects) = preSolution
		{01E24F0B-6BFA-4DB5-9E29-C8EA33EE9D51} = {C7C16283-6898-4652-BC54-5864B24647D3}
		{5D2959BD-1CE7-4114-B9C6-1BC1A64733EC} = {4BD9DE05-558F-4882-92C2-D8FE773FD7C2}
		{B639BDE5-421C-4D46-8861-774AD7B9D955} = {BBCA96EE-F46A-43EA-96F7-84396CA6DBA2}
		{CAD018AE-B5C4-49C4-A217-413C4BE8334E} = {6EAA6AC2-F5AC-4D9E-9F20-0A9522E0E878}
		{A1996340-4706-4704-A616-90E0DDE4B40A} = {11CD2665-053B-4A86-9AB3-B6E0011B7B25}
	EndGlobalSection
EndGlobal
